{
  "nodes": {
    "claude-desktop": {
      "inputs": {
        "nixpkgs": [
          "nixpkgs"
        ]
      },
      "locked": {
        "lastModified": 1786518722,
        "narHash": "sha256-Af7sg17PPD4LJa/6PBK33stQ8H+WLcFXQ2kRmcHV0qc=",
        "owner": "nmcbride",
        "repo": "claude-desktop-nix",
        "rev": "babab37860b484a5f2665921017a546cd26b716a",
        "type": "github"
      },
      "original": {
        "owner": "nmcbride",
        "repo": "claude-desktop-nix",
        "type": "github"
      }
    },
    "flake-parts": {
      "inputs": {
        "nixpkgs-lib": [
          "nixpkgs"
        ]
      },
      "locked": {
        "lastModified": 1785627969,
        "narHash": "sha256-4dtXQk/NMePegK/nWp5NSeuZKLATItOq61lpEvmXqGw=",
        "owner": "hercules-ci",
        "repo": "flake-parts",
        "rev": "427bf4bd9435fdf21321c8cc628c24efc14c0f7a",
        "type": "github"
      },
      "original": {
        "owner": "hercules-ci",
        "repo": "flake-parts",
        "type": "github"
      }
    },
    "home-manager": {
      "inputs": {
        "nixpkgs": [
          "nixpkgs"
        ]
      },
      "locked": {
        "lastModified": 1785531816,
        "narHash": "sha256-vkMnV0JIyw+g/NmcfoajlGaAO+9a0ezia+FZohQJrik=",
        "owner": "nix-community",
        "repo": "home-manager",
        "rev": "bf9ce9fec78f95f374e8dd3b503863a3ec128ebe",
        "type": "github"
      },
      "original": {
        "owner": "nix-community",
        "repo": "home-manager",
        "type": "github"
      }
    },
    "nixpkgs": {
      "locked": {
        "lastModified": 1785571196,
        "narHash": "sha256-KoTsyMQqnXQZq8deCEnu4QkyldkwH/bpMMhUcfMdGIw=",
        "owner": "NixOS",
        "repo": "nixpkgs",
        "rev": "148bab9c1c3c53136ecb44a6ea356a0ed5b39b06",
        "type": "github"
      },
      "original": {
        "owner": "NixOS",
        "ref": "nixos-unstable",
        "repo": "nixpkgs",
        "type": "github"
      }
    },
    "root": {
      "inputs": {
        "claude-desktop": "claude-desktop",
        "flake-parts": "flake-parts",
        "home-manager": "home-manager",
        "nixpkgs": "nixpkgs"
      }
    }
  },
  "root": "root",
  "version": 7
}
